
Microsoft Visual Studio Solution File, Format Version 12.00
# Visual Studio Version 16
VisualStudioVersion = 16.0.31205.134
MinimumVisualStudioVersion = 10.0.40219.1
Project("{8BC9CEB8-8B4A-11D0-8D11-00A0C91BC942}") = "174083C_TH2_MPI_Matrix_Vector_Mul", "174083C_TH2_MPI_Matrix_Vector_Mul\174083C_TH2_MPI_Matrix_Vector_Mul.vcxproj", "{31952F5B-1E28-4111-AE5E-F11B8D955BEA}"
EndProject
Global
	GlobalSection(SolutionConfigurationPlatforms) = preSolution
		Debug|x64 = Debug|x64
		Debug|x86 = Debug|x86
		Release|x64 = Release|x64
		Release|x86 = Release|x86
	EndGlobalSection
	GlobalSection(ProjectConfigurationPlatforms) = postSolution
		{31952F5B-1E28-4111-AE5E-F11B8D955BEA}.Debug|x64.ActiveCfg = Debug|x64
		{31952F5B-1E28-4111-AE5E-F11B8D955BEA}.Debug|x64.Build.0 = Debug|x64
		{31952F5B-1E28-4111-AE5E-F11B8D955BEA}.Debug|x86.ActiveCfg = Debug|Win32
		{31952F5B-1E28-4111-AE5E-F11B8D955BEA}.Debug|x86.Build.0 = Debug|Win32
		{31952F5B-1E28-4111-AE5E-F11B8D955BEA}.Release|x64.ActiveCfg = Release|x64
		{31952F5B-1E28-4111-AE5E-F11B8D955BEA}.Release|x64.Build.0 = Release|x64
		{31952F5B-1E28-4111-AE5E-F11B8D955BEA}.Release|x86.ActiveCfg = Release|Win32
		{31952F5B-1E28-4111-AE5E-F11B8D955BEA}.Release|x86.Build.0 = Release|Win32
	EndGlobalSection
	GlobalSection(SolutionProperties) = preSolution
		HideSolutionNode = FALSE
	EndGlobalSection
	GlobalSection(ExtensibilityGlobals) = postSolution
		SolutionGuid = {19D51B99-DFC3-4C0C-AAFD-FF3F49486CBB}
	EndGlobalSection
EndGlobal
