
Microsoft Visual Studio Solution File, Format Version 12.00
# Visual Studio Version 16
VisualStudioVersion = 16.0.31205.134
MinimumVisualStudioVersion = 10.0.40219.1
Project("{8BC9CEB8-8B4A-11D0-8D11-00A0C91BC942}") = "174083C_TH2_MPI_Matrix_Matrix_Mul", "174083C_TH2_MPI_Matrix_Matrix_Mul\174083C_TH2_MPI_Matrix_Matrix_Mul.vcxproj", "{14C3BC75-846F-45F9-9088-4BECB92FD94E}"
EndProject
Global
	GlobalSection(SolutionConfigurationPlatforms) = preSolution
		Debug|x64 = Debug|x64
		Debug|x86 = Debug|x86
		Release|x64 = Release|x64
		Release|x86 = Release|x86
	EndGlobalSection
	GlobalSection(ProjectConfigurationPlatforms) = postSolution
		{14C3BC75-846F-45F9-9088-4BECB92FD94E}.Debug|x64.ActiveCfg = Debug|x64
		{14C3BC75-846F-45F9-9088-4BECB92FD94E}.Debug|x64.Build.0 = Debug|x64
		{14C3BC75-846F-45F9-9088-4BECB92FD94E}.Debug|x86.ActiveCfg = Debug|Win32
		{14C3BC75-846F-45F9-9088-4BECB92FD94E}.Debug|x86.Build.0 = Debug|Win32
		{14C3BC75-846F-45F9-9088-4BECB92FD94E}.Release|x64.ActiveCfg = Release|x64
		{14C3BC75-846F-45F9-9088-4BECB92FD94E}.Release|x64.Build.0 = Release|x64
		{14C3BC75-846F-45F9-9088-4BECB92FD94E}.Release|x86.ActiveCfg = Release|Win32
		{14C3BC75-846F-45F9-9088-4BECB92FD94E}.Release|x86.Build.0 = Release|Win32
	EndGlobalSection
	GlobalSection(SolutionProperties) = preSolution
		HideSolutionNode = FALSE
	EndGlobalSection
	GlobalSection(ExtensibilityGlobals) = postSolution
		SolutionGuid = {9EF38D72-5AF3-4786-B581-AEC860173B7C}
	EndGlobalSection
EndGlobal
