
Microsoft Visual Studio Solution File, Format Version 12.00
# Visual Studio Version 16
VisualStudioVersion = 16.0.31205.134
MinimumVisualStudioVersion = 10.0.40219.1
Project("{8BC9CEB8-8B4A-11D0-8D11-00A0C91BC942}") = "174083C_TH2_MPI_Merge_Sort_Sequential", "174083C_TH2_MPI_Merge_Sort_Sequential\174083C_TH2_MPI_Merge_Sort_Sequential.vcxproj", "{A47CE591-1425-4BBC-BA5D-8A4377C6AAAE}"
EndProject
Global
	GlobalSection(SolutionConfigurationPlatforms) = preSolution
		Debug|x64 = Debug|x64
		Debug|x86 = Debug|x86
		Release|x64 = Release|x64
		Release|x86 = Release|x86
	EndGlobalSection
	GlobalSection(ProjectConfigurationPlatforms) = postSolution
		{A47CE591-1425-4BBC-BA5D-8A4377C6AAAE}.Debug|x64.ActiveCfg = Debug|x64
		{A47CE591-1425-4BBC-BA5D-8A4377C6AAAE}.Debug|x64.Build.0 = Debug|x64
		{A47CE591-1425-4BBC-BA5D-8A4377C6AAAE}.Debug|x86.ActiveCfg = Debug|Win32
		{A47CE591-1425-4BBC-BA5D-8A4377C6AAAE}.Debug|x86.Build.0 = Debug|Win32
		{A47CE591-1425-4BBC-BA5D-8A4377C6AAAE}.Release|x64.ActiveCfg = Release|x64
		{A47CE591-1425-4BBC-BA5D-8A4377C6AAAE}.Release|x64.Build.0 = Release|x64
		{A47CE591-1425-4BBC-BA5D-8A4377C6AAAE}.Release|x86.ActiveCfg = Release|Win32
		{A47CE591-1425-4BBC-BA5D-8A4377C6AAAE}.Release|x86.Build.0 = Release|Win32
	EndGlobalSection
	GlobalSection(SolutionProperties) = preSolution
		HideSolutionNode = FALSE
	EndGlobalSection
	GlobalSection(ExtensibilityGlobals) = postSolution
		SolutionGuid = {8B479504-F7FE-4563-8136-A328A80C226A}
	EndGlobalSection
EndGlobal
